# THIS IS AN AUTOGENERATED FILE. DO NOT EDIT THIS FILE DIRECTLY.
# yarn lockfile v1


browsersync@0.0.1-security:
  version "0.0.1-security"
  resolved "https://registry.yarnpkg.com/browsersync/-/browsersync-0.0.1-security.tgz#e885fe4354d2ec5a565c38c4c2bf0a012ad64860"
  integrity sha1-6IX+Q1TS7FpWXDjEwr8KASrWSGA=

connect-modrewrite@^0.10.2:
  version "0.10.2"
  resolved "https://registry.yarnpkg.com/connect-modrewrite/-/connect-modrewrite-0.10.2.tgz#74048243d52100dfdbc7c16d5ec2b59d0dfc83f6"
  integrity sha512-37+kS9t26vxjW5ErNrr8d04F7Us1EH7XhHtxSm8yE8kO2uDF2DsPI+qI2wCeBSaoakXKit0/88sg4vL2Wl8tDw==
  dependencies:
    qs "^6.3.1"

qs@^6.3.1:
  version "6.9.1"
  resolved "https://registry.yarnpkg.com/qs/-/qs-6.9.1.tgz#20082c65cb78223635ab1a9eaca8875a29bf8ec9"
  integrity sha512-Cxm7/SS/y/Z3MHWSxXb8lIFqgqBowP5JMlTUFyJN88y0SGQhVmZnqFK/PeuMX9LzUyWsqqhNxIyg0jlzq946yA==
